
Microsoft Visual Studio Solution File, Format Version 12.00
# Visual Studio Version 17
VisualStudioVersion = 17.10.35013.160
MinimumVisualStudioVersion = 10.0.40219.1
Project("{9A19103F-16F7-4668-BE54-9A1E7A4F7556}") = "BlogAppMVC", "BlogAppMVC\BlogAppMVC.csproj", "{3C9CF76D-4D6D-4D13-90A4-62378DDEB423}"
EndProject
Global
	GlobalSection(SolutionConfigurationPlatforms) = preSolution
		Debug|Any CPU = Debug|Any CPU
		Release|Any CPU = Release|Any CPU
	EndGlobalSection
	GlobalSection(ProjectConfigurationPlatforms) = postSolution
		{3C9CF76D-4D6D-4D13-90A4-62378DDEB423}.Debug|Any CPU.ActiveCfg = Debug|Any CPU
		{3C9CF76D-4D6D-4D13-90A4-62378DDEB423}.Debug|Any CPU.Build.0 = Debug|Any CPU
		{3C9CF76D-4D6D-4D13-90A4-62378DDEB423}.Release|Any CPU.ActiveCfg = Release|Any CPU
		{3C9CF76D-4D6D-4D13-90A4-62378DDEB423}.Release|Any CPU.Build.0 = Release|Any CPU
	EndGlobalSection
	GlobalSection(SolutionProperties) = preSolution
		HideSolutionNode = FALSE
	EndGlobalSection
	GlobalSection(ExtensibilityGlobals) = postSolution
		SolutionGuid = {A029F8E8-ADC1-405F-97CC-D4D3F30D3F75}
	EndGlobalSection
EndGlobal
